
Microsoft Visual Studio Solution File, Format Version 12.00
# Visual Studio 2013
VisualStudioVersion = 12.0.21005.1
MinimumVisualStudioVersion = 10.0.40219.1
Project("{FAE04EC0-301F-11D3-BF4B-00C04F79EFBC}") = "AdministracionData", "AdministracionData\AdministracionData.csproj", "{23704617-E960-4089-AFC3-BD40005074AE}"
EndProject
Project("{FAE04EC0-301F-11D3-BF4B-00C04F79EFBC}") = "Clases", "Clases\Clases.csproj", "{0855E22D-651B-4A30-86E7-87668C83C83A}"
EndProject
Project("{54435603-DBB4-11D2-8724-00A0C9A8B90C}") = "InstaladorAdministradorData", "InstaladorAdministradorData\InstaladorAdministradorData.vdproj", "{B9F6C559-726B-4F88-8F40-CE586AFDA253}"
EndProject
Global
	GlobalSection(SolutionConfigurationPlatforms) = preSolution
		Debug|Any CPU = Debug|Any CPU
		Release|Any CPU = Release|Any CPU
	EndGlobalSection
	GlobalSection(ProjectConfigurationPlatforms) = postSolution
		{23704617-E960-4089-AFC3-BD40005074AE}.Debug|Any CPU.ActiveCfg = Debug|Any CPU
		{23704617-E960-4089-AFC3-BD40005074AE}.Debug|Any CPU.Build.0 = Debug|Any CPU
		{23704617-E960-4089-AFC3-BD40005074AE}.Release|Any CPU.ActiveCfg = Release|Any CPU
		{23704617-E960-4089-AFC3-BD40005074AE}.Release|Any CPU.Build.0 = Release|Any CPU
		{0855E22D-651B-4A30-86E7-87668C83C83A}.Debug|Any CPU.ActiveCfg = Debug|Any CPU
		{0855E22D-651B-4A30-86E7-87668C83C83A}.Debug|Any CPU.Build.0 = Debug|Any CPU
		{0855E22D-651B-4A30-86E7-87668C83C83A}.Release|Any CPU.ActiveCfg = Release|Any CPU
		{0855E22D-651B-4A30-86E7-87668C83C83A}.Release|Any CPU.Build.0 = Release|Any CPU
		{B9F6C559-726B-4F88-8F40-CE586AFDA253}.Debug|Any CPU.ActiveCfg = Debug
		{B9F6C559-726B-4F88-8F40-CE586AFDA253}.Release|Any CPU.ActiveCfg = Release
	EndGlobalSection
	GlobalSection(SolutionProperties) = preSolution
		HideSolutionNode = FALSE
	EndGlobalSection
EndGlobal
