
Microsoft Visual Studio Solution File, Format Version 12.00
# Visual Studio 2013
VisualStudioVersion = 12.0.30110.0
MinimumVisualStudioVersion = 10.0.40219.1
Project("{54435603-DBB4-11D2-8724-00A0C9A8B90C}") = "AreaLegal", "AreaLegal\AreaLegal.vdproj", "{B19AC359-24FC-49A6-A4FE-00ED44ED1849}"
EndProject
Project("{FAE04EC0-301F-11D3-BF4B-00C04F79EFBC}") = "ALegal", "ALegal\ALegal.csproj", "{4C375D37-31D0-49F5-8D12-ED83C6D3248F}"
EndProject
Global
	GlobalSection(SolutionConfigurationPlatforms) = preSolution
		Debug|Any CPU = Debug|Any CPU
		Release|Any CPU = Release|Any CPU
	EndGlobalSection
	GlobalSection(ProjectConfigurationPlatforms) = postSolution
		{B19AC359-24FC-49A6-A4FE-00ED44ED1849}.Debug|Any CPU.ActiveCfg = Debug
		{B19AC359-24FC-49A6-A4FE-00ED44ED1849}.Debug|Any CPU.Build.0 = Debug
		{B19AC359-24FC-49A6-A4FE-00ED44ED1849}.Release|Any CPU.ActiveCfg = Release
		{B19AC359-24FC-49A6-A4FE-00ED44ED1849}.Release|Any CPU.Build.0 = Release
		{4C375D37-31D0-49F5-8D12-ED83C6D3248F}.Debug|Any CPU.ActiveCfg = Debug|Any CPU
		{4C375D37-31D0-49F5-8D12-ED83C6D3248F}.Debug|Any CPU.Build.0 = Debug|Any CPU
		{4C375D37-31D0-49F5-8D12-ED83C6D3248F}.Release|Any CPU.ActiveCfg = Release|Any CPU
		{4C375D37-31D0-49F5-8D12-ED83C6D3248F}.Release|Any CPU.Build.0 = Release|Any CPU
	EndGlobalSection
	GlobalSection(SolutionProperties) = preSolution
		HideSolutionNode = FALSE
	EndGlobalSection
EndGlobal
